
Microsoft Visual Studio Solution File, Format Version 12.00
# Visual Studio Version 16
VisualStudioVersion = 16.0.28606.126
MinimumVisualStudioVersion = 10.0.40219.1
Project("{9A19103F-16F7-4668-BE54-9A1E7A4F7556}") = "ToDoLine", "ToDoLine\ToDoLine.csproj", "{4F250618-193A-4142-BADC-FF9058EB9A67}"
EndProject
Project("{9A19103F-16F7-4668-BE54-9A1E7A4F7556}") = "ToDoLine.Test", "ToDoLine.Test\ToDoLine.Test.csproj", "{84499AEC-CF79-45A0-930C-C072533BAA15}"
EndProject
Project("{2150E333-8FDC-42A3-9474-1A3956D46DE8}") = "App", "App", "{96319F34-2EC4-415C-BBCE-B00EE319E0A6}"
EndProject
Project("{2150E333-8FDC-42A3-9474-1A3956D46DE8}") = "Shared", "Shared", "{97499D1E-B212-4A83-8FF6-5309B394F2A2}"
EndProject
Project("{D954291E-2A0B-460D-934E-DC6B0785DB48}") = "ToDoLine.Dto", "Shared\ToDoLine.Dto\ToDoLine.Dto.shproj", "{D5B119B5-872B-4313-BA61-29D00315EDC0}"
EndProject
Project("{FAE04EC0-301F-11D3-BF4B-00C04F79EFBC}") = "ToDoLineApp.Android", "App\ToDoLineApp.Android\ToDoLineApp.Android.csproj", "{AEFCB65D-D5E0-46C1-8CA0-B19EE528B277}"
EndProject
Project("{FAE04EC0-301F-11D3-BF4B-00C04F79EFBC}") = "ToDoLineApp.iOS", "App\ToDoLineApp.iOS\ToDoLineApp.iOS.csproj", "{AEC091EC-DBAA-47D6-8C32-E549ABEF38DA}"
EndProject
Project("{FAE04EC0-301F-11D3-BF4B-00C04F79EFBC}") = "ToDoLineApp.UWP", "App\ToDoLineApp.UWP\ToDoLineApp.UWP.csproj", "{B95DCA34-4823-4A43-BE8E-D4135063C96E}"
EndProject
Project("{9A19103F-16F7-4668-BE54-9A1E7A4F7556}") = "ToDoLineApp", "App\ToDoLineApp\ToDoLineApp.csproj", "{00976895-0F23-43CA-823F-890AD20CE5E8}"
EndProject
Global
	GlobalSection(SharedMSBuildProjectFiles) = preSolution
		Shared\ToDoLine.Dto\ToDoLine.Dto.projitems*{d5b119b5-872b-4313-ba61-29d00315edc0}*SharedItemsImports = 13
	EndGlobalSection
	GlobalSection(SolutionConfigurationPlatforms) = preSolution
		Debug|Any CPU = Debug|Any CPU
		Debug|x64 = Debug|x64
		Debug|x86 = Debug|x86
		Release|Any CPU = Release|Any CPU
		Release|x64 = Release|x64
		Release|x86 = Release|x86
	EndGlobalSection
	GlobalSection(ProjectConfigurationPlatforms) = postSolution
		{4F250618-193A-4142-BADC-FF9058EB9A67}.Debug|Any CPU.ActiveCfg = Debug|Any CPU
		{4F250618-193A-4142-BADC-FF9058EB9A67}.Debug|Any CPU.Build.0 = Debug|Any CPU
		{4F250618-193A-4142-BADC-FF9058EB9A67}.Debug|x64.ActiveCfg = Debug|Any CPU
		{4F250618-193A-4142-BADC-FF9058EB9A67}.Debug|x64.Build.0 = Debug|Any CPU
		{4F250618-193A-4142-BADC-FF9058EB9A67}.Debug|x86.ActiveCfg = Debug|Any CPU
		{4F250618-193A-4142-BADC-FF9058EB9A67}.Debug|x86.Build.0 = Debug|Any CPU
		{4F250618-193A-4142-BADC-FF9058EB9A67}.Release|Any CPU.ActiveCfg = Release|Any CPU
		{4F250618-193A-4142-BADC-FF9058EB9A67}.Release|Any CPU.Build.0 = Release|Any CPU
		{4F250618-193A-4142-BADC-FF9058EB9A67}.Release|x64.ActiveCfg = Release|Any CPU
		{4F250618-193A-4142-BADC-FF9058EB9A67}.Release|x64.Build.0 = Release|Any CPU
		{4F250618-193A-4142-BADC-FF9058EB9A67}.Release|x86.ActiveCfg = Release|Any CPU
		{4F250618-193A-4142-BADC-FF9058EB9A67}.Release|x86.Build.0 = Release|Any CPU
		{84499AEC-CF79-45A0-930C-C072533BAA15}.Debug|Any CPU.ActiveCfg = Debug|Any CPU
		{84499AEC-CF79-45A0-930C-C072533BAA15}.Debug|Any CPU.Build.0 = Debug|Any CPU
		{84499AEC-CF79-45A0-930C-C072533BAA15}.Debug|x64.ActiveCfg = Debug|Any CPU
		{84499AEC-CF79-45A0-930C-C072533BAA15}.Debug|x64.Build.0 = Debug|Any CPU
		{84499AEC-CF79-45A0-930C-C072533BAA15}.Debug|x86.ActiveCfg = Debug|Any CPU
		{84499AEC-CF79-45A0-930C-C072533BAA15}.Debug|x86.Build.0 = Debug|Any CPU
		{84499AEC-CF79-45A0-930C-C072533BAA15}.Release|Any CPU.ActiveCfg = Release|Any CPU
		{84499AEC-CF79-45A0-930C-C072533BAA15}.Release|Any CPU.Build.0 = Release|Any CPU
		{84499AEC-CF79-45A0-930C-C072533BAA15}.Release|x64.ActiveCfg = Release|Any CPU
		{84499AEC-CF79-45A0-930C-C072533BAA15}.Release|x64.Build.0 = Release|Any CPU
		{84499AEC-CF79-45A0-930C-C072533BAA15}.Release|x86.ActiveCfg = Release|Any CPU
		{84499AEC-CF79-45A0-930C-C072533BAA15}.Release|x86.Build.0 = Release|Any CPU
		{AEFCB65D-D5E0-46C1-8CA0-B19EE528B277}.Debug|Any CPU.ActiveCfg = Debug|Any CPU
		{AEFCB65D-D5E0-46C1-8CA0-B19EE528B277}.Debug|Any CPU.Build.0 = Debug|Any CPU
		{AEFCB65D-D5E0-46C1-8CA0-B19EE528B277}.Debug|Any CPU.Deploy.0 = Debug|Any CPU
		{AEFCB65D-D5E0-46C1-8CA0-B19EE528B277}.Debug|x64.ActiveCfg = Debug|Any CPU
		{AEFCB65D-D5E0-46C1-8CA0-B19EE528B277}.Debug|x64.Build.0 = Debug|Any CPU
		{AEFCB65D-D5E0-46C1-8CA0-B19EE528B277}.Debug|x64.Deploy.0 = Debug|Any CPU
		{AEFCB65D-D5E0-46C1-8CA0-B19EE528B277}.Debug|x86.ActiveCfg = Debug|Any CPU
		{AEFCB65D-D5E0-46C1-8CA0-B19EE528B277}.Debug|x86.Build.0 = Debug|Any CPU
		{AEFCB65D-D5E0-46C1-8CA0-B19EE528B277}.Debug|x86.Deploy.0 = Debug|Any CPU
		{AEFCB65D-D5E0-46C1-8CA0-B19EE528B277}.Release|Any CPU.ActiveCfg = Release|Any CPU
		{AEFCB65D-D5E0-46C1-8CA0-B19EE528B277}.Release|Any CPU.Build.0 = Release|Any CPU
		{AEFCB65D-D5E0-46C1-8CA0-B19EE528B277}.Release|Any CPU.Deploy.0 = Release|Any CPU
		{AEFCB65D-D5E0-46C1-8CA0-B19EE528B277}.Release|x64.ActiveCfg = Release|Any CPU
		{AEFCB65D-D5E0-46C1-8CA0-B19EE528B277}.Release|x64.Build.0 = Release|Any CPU
		{AEFCB65D-D5E0-46C1-8CA0-B19EE528B277}.Release|x64.Deploy.0 = Release|Any CPU
		{AEFCB65D-D5E0-46C1-8CA0-B19EE528B277}.Release|x86.ActiveCfg = Release|Any CPU
		{AEFCB65D-D5E0-46C1-8CA0-B19EE528B277}.Release|x86.Build.0 = Release|Any CPU
		{AEFCB65D-D5E0-46C1-8CA0-B19EE528B277}.Release|x86.Deploy.0 = Release|Any CPU
		{AEC091EC-DBAA-47D6-8C32-E549ABEF38DA}.Debug|Any CPU.ActiveCfg = Debug|iPhone
		{AEC091EC-DBAA-47D6-8C32-E549ABEF38DA}.Debug|Any CPU.Build.0 = Debug|iPhone
		{AEC091EC-DBAA-47D6-8C32-E549ABEF38DA}.Debug|x64.ActiveCfg = Debug|iPhone
		{AEC091EC-DBAA-47D6-8C32-E549ABEF38DA}.Debug|x86.ActiveCfg = Debug|iPhoneSimulator
		{AEC091EC-DBAA-47D6-8C32-E549ABEF38DA}.Debug|x86.Build.0 = Debug|iPhoneSimulator
		{AEC091EC-DBAA-47D6-8C32-E549ABEF38DA}.Release|Any CPU.ActiveCfg = Release|iPhone
		{AEC091EC-DBAA-47D6-8C32-E549ABEF38DA}.Release|x64.ActiveCfg = Release|iPhone
		{AEC091EC-DBAA-47D6-8C32-E549ABEF38DA}.Release|x86.ActiveCfg = Release|iPhone
		{B95DCA34-4823-4A43-BE8E-D4135063C96E}.Debug|Any CPU.ActiveCfg = Debug|x86
		{B95DCA34-4823-4A43-BE8E-D4135063C96E}.Debug|Any CPU.Build.0 = Debug|x86
		{B95DCA34-4823-4A43-BE8E-D4135063C96E}.Debug|Any CPU.Deploy.0 = Debug|x86
		{B95DCA34-4823-4A43-BE8E-D4135063C96E}.Debug|x64.ActiveCfg = Debug|x64
		{B95DCA34-4823-4A43-BE8E-D4135063C96E}.Debug|x64.Build.0 = Debug|x64
		{B95DCA34-4823-4A43-BE8E-D4135063C96E}.Debug|x64.Deploy.0 = Debug|x64
		{B95DCA34-4823-4A43-BE8E-D4135063C96E}.Debug|x86.ActiveCfg = Debug|x86
		{B95DCA34-4823-4A43-BE8E-D4135063C96E}.Debug|x86.Build.0 = Debug|x86
		{B95DCA34-4823-4A43-BE8E-D4135063C96E}.Debug|x86.Deploy.0 = Debug|x86
		{B95DCA34-4823-4A43-BE8E-D4135063C96E}.Release|Any CPU.ActiveCfg = Release|x86
		{B95DCA34-4823-4A43-BE8E-D4135063C96E}.Release|x64.ActiveCfg = Release|x64
		{B95DCA34-4823-4A43-BE8E-D4135063C96E}.Release|x64.Build.0 = Release|x64
		{B95DCA34-4823-4A43-BE8E-D4135063C96E}.Release|x64.Deploy.0 = Release|x64
		{B95DCA34-4823-4A43-BE8E-D4135063C96E}.Release|x86.ActiveCfg = Release|x86
		{B95DCA34-4823-4A43-BE8E-D4135063C96E}.Release|x86.Build.0 = Release|x86
		{B95DCA34-4823-4A43-BE8E-D4135063C96E}.Release|x86.Deploy.0 = Release|x86
		{00976895-0F23-43CA-823F-890AD20CE5E8}.Debug|Any CPU.ActiveCfg = Debug|Any CPU
		{00976895-0F23-43CA-823F-890AD20CE5E8}.Debug|Any CPU.Build.0 = Debug|Any CPU
		{00976895-0F23-43CA-823F-890AD20CE5E8}.Debug|x64.ActiveCfg = Debug|Any CPU
		{00976895-0F23-43CA-823F-890AD20CE5E8}.Debug|x64.Build.0 = Debug|Any CPU
		{00976895-0F23-43CA-823F-890AD20CE5E8}.Debug|x86.ActiveCfg = Debug|Any CPU
		{00976895-0F23-43CA-823F-890AD20CE5E8}.Debug|x86.Build.0 = Debug|Any CPU
		{00976895-0F23-43CA-823F-890AD20CE5E8}.Release|Any CPU.ActiveCfg = Release|Any CPU
		{00976895-0F23-43CA-823F-890AD20CE5E8}.Release|Any CPU.Build.0 = Release|Any CPU
		{00976895-0F23-43CA-823F-890AD20CE5E8}.Release|x64.ActiveCfg = Release|Any CPU
		{00976895-0F23-43CA-823F-890AD20CE5E8}.Release|x64.Build.0 = Release|Any CPU
		{00976895-0F23-43CA-823F-890AD20CE5E8}.Release|x86.ActiveCfg = Release|Any CPU
		{00976895-0F23-43CA-823F-890AD20CE5E8}.Release|x86.Build.0 = Release|Any CPU
	EndGlobalSection
	GlobalSection(SolutionProperties) = preSolution
		HideSolutionNode = FALSE
	EndGlobalSection
	GlobalSection(NestedProjects) = preSolution
		{D5B119B5-872B-4313-BA61-29D00315EDC0} = {97499D1E-B212-4A83-8FF6-5309B394F2A2}
		{AEFCB65D-D5E0-46C1-8CA0-B19EE528B277} = {96319F34-2EC4-415C-BBCE-B00EE319E0A6}
		{AEC091EC-DBAA-47D6-8C32-E549ABEF38DA} = {96319F34-2EC4-415C-BBCE-B00EE319E0A6}
		{B95DCA34-4823-4A43-BE8E-D4135063C96E} = {96319F34-2EC4-415C-BBCE-B00EE319E0A6}
		{00976895-0F23-43CA-823F-890AD20CE5E8} = {96319F34-2EC4-415C-BBCE-B00EE319E0A6}
	EndGlobalSection
	GlobalSection(ExtensibilityGlobals) = postSolution
		SolutionGuid = {82805C73-5701-4C31-9EB6-E77A229E5705}
	EndGlobalSection
EndGlobal
